{
  "name": "GemFit",
  "lockfileVersion": 3,
  "requires": true,
  "packages": {
    "": {
      "dependencies": {
        "appwrite": "^21.1.0"
      }
    },
    "node_modules/appwrite": {
      "version": "21.1.0",
      "resolved": "https://registry.npmjs.org/appwrite/-/appwrite-21.1.0.tgz",
      "integrity": "sha512-DKubPNpMP0UdGkD+4TLwO4U9DObfOdk/kHOsI1YOvaMD2gOdYoSdN8uooLhqZ/xr0kR9euwokvFvJBKglPydaQ==",
      "license": "BSD-3-Clause"
    }
  }
}
